
Microsoft Visual Studio Solution File, Format Version 12.00
# Visual Studio 14
VisualStudioVersion = 14.0.24720.0
MinimumVisualStudioVersion = 10.0.40219.1
Project("{FAE04EC0-301F-11D3-BF4B-00C04F79EFBC}") = "HQF.Tools.IISManager", "Scr\HQF.Tools.IISManager\HQF.Tools.IISManager.csproj", "{B3625880-E364-483A-B242-E0ECCCD08EBC}"
EndProject
Project("{FAE04EC0-301F-11D3-BF4B-00C04F79EFBC}") = "HQF.Tools.IISManager.ConShell", "Scr\HQF.Tools.IISManager.ConShell\HQF.Tools.IISManager.ConShell.csproj", "{5ABBEB75-A6B1-4D89-8304-57FBD9038242}"
EndProject
Project("{2150E333-8FDC-42A3-9474-1A3956D46DE8}") = "Solution Items", "Solution Items", "{4302D20C-0ABD-45B5-8566-4CEFF4821672}"
	ProjectSection(SolutionItems) = preProject
		Readme.md = Readme.md
	EndProjectSection
EndProject
Global
	GlobalSection(SolutionConfigurationPlatforms) = preSolution
		Debug|Any CPU = Debug|Any CPU
		Release|Any CPU = Release|Any CPU
	EndGlobalSection
	GlobalSection(ProjectConfigurationPlatforms) = postSolution
		{B3625880-E364-483A-B242-E0ECCCD08EBC}.Debug|Any CPU.ActiveCfg = Debug|Any CPU
		{B3625880-E364-483A-B242-E0ECCCD08EBC}.Debug|Any CPU.Build.0 = Debug|Any CPU
		{B3625880-E364-483A-B242-E0ECCCD08EBC}.Release|Any CPU.ActiveCfg = Release|Any CPU
		{B3625880-E364-483A-B242-E0ECCCD08EBC}.Release|Any CPU.Build.0 = Release|Any CPU
		{5ABBEB75-A6B1-4D89-8304-57FBD9038242}.Debug|Any CPU.ActiveCfg = Debug|Any CPU
		{5ABBEB75-A6B1-4D89-8304-57FBD9038242}.Debug|Any CPU.Build.0 = Debug|Any CPU
		{5ABBEB75-A6B1-4D89-8304-57FBD9038242}.Release|Any CPU.ActiveCfg = Release|Any CPU
		{5ABBEB75-A6B1-4D89-8304-57FBD9038242}.Release|Any CPU.Build.0 = Release|Any CPU
	EndGlobalSection
	GlobalSection(SolutionProperties) = preSolution
		HideSolutionNode = FALSE
	EndGlobalSection
EndGlobal
